// !$*UTF8*$!
{
	archiveVersion = 1;
	classes = {
	};
	objectVersion = 50;
	objects = {

/* Begin PBXBuildFile section */
		D237077426F9B29B003CAF53 /* AppDelegate.swift in Sources */ = {isa = PBXBuildFile; fileRef = D237077326F9B29B003CAF53 /* AppDelegate.swift */; };
		D237077626F9B29B003CAF53 /* SceneDelegate.swift in Sources */ = {isa = PBXBuildFile; fileRef = D237077526F9B29B003CAF53 /* SceneDelegate.swift */; };
		D237077826F9B29B003CAF53 /* ChecklistController.swift in Sources */ = {isa = PBXBuildFile; fileRef = D237077726F9B29B003CAF53 /* ChecklistController.swift */; };
		D237077D26F9B29D003CAF53 /* Assets.xcassets in Resources */ = {isa = PBXBuildFile; fileRef = D237077C26F9B29D003CAF53 /* Assets.xcassets */; };
		D237078826FA5DC2003CAF53 /* ChecklistItem.swift in Sources */ = {isa = PBXBuildFile; fileRef = D237078726FA5DC2003CAF53 /* ChecklistItem.swift */; };
		D237078A26FA6732003CAF53 /* ListCell.swift in Sources */ = {isa = PBXBuildFile; fileRef = D237078926FA6732003CAF53 /* ListCell.swift */; };
		D237079026FD0B1F003CAF53 /* ItemDetailViewController.swift in Sources */ = {isa = PBXBuildFile; fileRef = D237078F26FD0B1F003CAF53 /* ItemDetailViewController.swift */; };
		D237079527029A44003CAF53 /* UIView+Ext.swift in Sources */ = {isa = PBXBuildFile; fileRef = D237079427029A44003CAF53 /* UIView+Ext.swift */; };
		D23707992703DE67003CAF53 /* TextFieldTableViewCell.swift in Sources */ = {isa = PBXBuildFile; fileRef = D23707982703DE67003CAF53 /* TextFieldTableViewCell.swift */; };
/* End PBXBuildFile section */

/* Begin PBXFileReference section */
		D237077026F9B29B003CAF53 /* Checklist_NoSB.app */ = {isa = PBXFileReference; explicitFileType = wrapper.application; includeInIndex = 0; path = Checklist_NoSB.app; sourceTree = BUILT_PRODUCTS_DIR; };
		D237077326F9B29B003CAF53 /* AppDelegate.swift */ = {isa = PBXFileReference; lastKnownFileType = sourcecode.swift; path = AppDelegate.swift; sourceTree = "<group>"; };
		D237077526F9B29B003CAF53 /* SceneDelegate.swift */ = {isa = PBXFileReference; lastKnownFileType = sourcecode.swift; path = SceneDelegate.swift; sourceTree = "<group>"; };
		D237077726F9B29B003CAF53 /* ChecklistController.swift */ = {isa = PBXFileReference; lastKnownFileType = sourcecode.swift; path = ChecklistController.swift; sourceTree = "<group>"; };
		D237077C26F9B29D003CAF53 /* Assets.xcassets */ = {isa = PBXFileReference; lastKnownFileType = folder.assetcatalog; path = Assets.xcassets; sourceTree = "<group>"; };
		D237078126F9B29D003CAF53 /* Info.plist */ = {isa = PBXFileReference; lastKnownFileType = text.plist.xml; path = Info.plist; sourceTree = "<group>"; };
		D237078726FA5DC2003CAF53 /* ChecklistItem.swift */ = {isa = PBXFileReference; lastKnownFileType = sourcecode.swift; path = ChecklistItem.swift; sourceTree = "<group>"; };
		D237078926FA6732003CAF53 /* ListCell.swift */ = {isa = PBXFileReference; lastKnownFileType = sourcecode.swift; path = ListCell.swift; sourceTree = "<group>"; };
		D237078F26FD0B1F003CAF53 /* ItemDetailViewController.swift */ = {isa = PBXFileReference; lastKnownFileType = sourcecode.swift; path = ItemDetailViewController.swift; sourceTree = "<group>"; };
		D237079427029A44003CAF53 /* UIView+Ext.swift */ = {isa = PBXFileReference; lastKnownFileType = sourcecode.swift; path = "UIView+Ext.swift"; sourceTree = "<group>"; };
		D23707982703DE67003CAF53 /* TextFieldTableViewCell.swift */ = {isa = PBXFileReference; lastKnownFileType = sourcecode.swift; path = TextFieldTableViewCell.swift; sourceTree = "<group>"; };
/* End PBXFileReference section */

/* Begin PBXFrameworksBuildPhase section */
		D237076D26F9B29B003CAF53 /* Frameworks */ = {
			isa = PBXFrameworksBuildPhase;
			buildActionMask = 2147483647;
			files = (
			);
			runOnlyForDeploymentPostprocessing = 0;
		};
/* End PBXFrameworksBuildPhase section */

/* Begin PBXGroup section */
		D237076726F9B29B003CAF53 = {
			isa = PBXGroup;
			children = (
				D237077226F9B29B003CAF53 /* Checklist_NoSB */,
				D237077126F9B29B003CAF53 /* Products */,
			);
			sourceTree = "<group>";
		};
		D237077126F9B29B003CAF53 /* Products */ = {
			isa = PBXGroup;
			children = (
				D237077026F9B29B003CAF53 /* Checklist_NoSB.app */,
			);
			name = Products;
			sourceTree = "<group>";
		};
		D237077226F9B29B003CAF53 /* Checklist_NoSB */ = {
			isa = PBXGroup;
			children = (
				D237079227029A06003CAF53 /* Extensions-Utilities */,
				D2370791270299F0003CAF53 /* Supporting */,
				D237079327029A16003CAF53 /* Model */,
				D237077C26F9B29D003CAF53 /* Assets.xcassets */,
				D237078126F9B29D003CAF53 /* Info.plist */,
			);
			path = Checklist_NoSB;
			sourceTree = "<group>";
		};
		D2370791270299F0003CAF53 /* Supporting */ = {
			isa = PBXGroup;
			children = (
				D237077326F9B29B003CAF53 /* AppDelegate.swift */,
				D237077526F9B29B003CAF53 /* SceneDelegate.swift */,
			);
			path = Supporting;
			sourceTree = "<group>";
		};
		D237079227029A06003CAF53 /* Extensions-Utilities */ = {
			isa = PBXGroup;
			children = (
				D237079427029A44003CAF53 /* UIView+Ext.swift */,
			);
			path = "Extensions-Utilities";
			sourceTree = "<group>";
		};
		D237079327029A16003CAF53 /* Model */ = {
			isa = PBXGroup;
			children = (
				D237077726F9B29B003CAF53 /* ChecklistController.swift */,
				D237078926FA6732003CAF53 /* ListCell.swift */,
				D237078726FA5DC2003CAF53 /* ChecklistItem.swift */,
				D237078F26FD0B1F003CAF53 /* ItemDetailViewController.swift */,
				D23707982703DE67003CAF53 /* TextFieldTableViewCell.swift */,
			);
			path = Model;
			sourceTree = "<group>";
		};
/* End PBXGroup section */

/* Begin PBXNativeTarget section */
		D237076F26F9B29B003CAF53 /* Checklist_NoSB */ = {
			isa = PBXNativeTarget;
			buildConfigurationList = D237078426F9B29D003CAF53 /* Build configuration list for PBXNativeTarget "Checklist_NoSB" */;
			buildPhases = (
				D237076C26F9B29B003CAF53 /* Sources */,
				D237076D26F9B29B003CAF53 /* Frameworks */,
				D237076E26F9B29B003CAF53 /* Resources */,
			);
			buildRules = (
			);
			dependencies = (
			);
			name = Checklist_NoSB;
			productName = Checklist_NoSB;
			productReference = D237077026F9B29B003CAF53 /* Checklist_NoSB.app */;
			productType = "com.apple.product-type.application";
		};
/* End PBXNativeTarget section */

/* Begin PBXProject section */
		D237076826F9B29B003CAF53 /* Project object */ = {
			isa = PBXProject;
			attributes = {
				LastSwiftUpdateCheck = 1250;
				LastUpgradeCheck = 1250;
				TargetAttributes = {
					D237076F26F9B29B003CAF53 = {
						CreatedOnToolsVersion = 12.5.1;
					};
				};
			};
			buildConfigurationList = D237076B26F9B29B003CAF53 /* Build configuration list for PBXProject "Checklist_NoSB" */;
			compatibilityVersion = "Xcode 9.3";
			developmentRegion = en;
			hasScannedForEncodings = 0;
			knownRegions = (
				en,
				Base,
			);
			mainGroup = D237076726F9B29B003CAF53;
			productRefGroup = D237077126F9B29B003CAF53 /* Products */;
			projectDirPath = "";
			projectRoot = "";
			targets = (
				D237076F26F9B29B003CAF53 /* Checklist_NoSB */,
			);
		};
/* End PBXProject section */

/* Begin PBXResourcesBuildPhase section */
		D237076E26F9B29B003CAF53 /* Resources */ = {
			isa = PBXResourcesBuildPhase;
			buildActionMask = 2147483647;
			files = (
				D237077D26F9B29D003CAF53 /* Assets.xcassets in Resources */,
			);
			runOnlyForDeploymentPostprocessing = 0;
		};
/* End PBXResourcesBuildPhase section */

/* Begin PBXSourcesBuildPhase section */
		D237076C26F9B29B003CAF53 /* Sources */ = {
			isa = PBXSourcesBuildPhase;
			buildActionMask = 2147483647;
			files = (
				D237077826F9B29B003CAF53 /* ChecklistController.swift in Sources */,
				D237077426F9B29B003CAF53 /* AppDelegate.swift in Sources */,
				D237079026FD0B1F003CAF53 /* ItemDetailViewController.swift in Sources */,
				D23707992703DE67003CAF53 /* TextFieldTableViewCell.swift in Sources */,
				D237077626F9B29B003CAF53 /* SceneDelegate.swift in Sources */,
				D237079527029A44003CAF53 /* UIView+Ext.swift in Sources */,
				D237078A26FA6732003CAF53 /* ListCell.swift in Sources */,
				D237078826FA5DC2003CAF53 /* ChecklistItem.swift in Sources */,
			);
			runOnlyForDeploymentPostprocessing = 0;
		};
/* End PBXSourcesBuildPhase section */

/* Begin XCBuildConfiguration section */
		D237078226F9B29D003CAF53 /* Debug */ = {
			isa = XCBuildConfiguration;
			buildSettings = {
				ALWAYS_SEARCH_USER_PATHS = NO;
				CLANG_ANALYZER_NONNULL = YES;
				CLANG_ANALYZER_NUMBER_OBJECT_CONVERSION = YES_AGGRESSIVE;
				CLANG_CXX_LANGUAGE_STANDARD = "gnu++14";
				CLANG_CXX_LIBRARY = "libc++";
				CLANG_ENABLE_MODULES = YES;
				CLANG_ENABLE_OBJC_ARC = YES;
				CLANG_ENABLE_OBJC_WEAK = YES;
				CLANG_WARN_BLOCK_CAPTURE_AUTORELEASING = YES;
				CLANG_WARN_BOOL_CONVERSION = YES;
				CLANG_WARN_COMMA = YES;
				CLANG_WARN_CONSTANT_CONVERSION = YES;
				CLANG_WARN_DEPRECATED_OBJC_IMPLEMENTATIONS = YES;
				CLANG_WARN_DIRECT_OBJC_ISA_USAGE = YES_ERROR;
				CLANG_WARN_DOCUMENTATION_COMMENTS = YES;
				CLANG_WARN_EMPTY_BODY = YES;
				CLANG_WARN_ENUM_CONVERSION = YES;
				CLANG_WARN_INFINITE_RECURSION = YES;
				CLANG_WARN_INT_CONVERSION = YES;
				CLANG_WARN_NON_LITERAL_NULL_CONVERSION = YES;
				CLANG_WARN_OBJC_IMPLICIT_RETAIN_SELF = YES;
				CLANG_WARN_OBJC_LITERAL_CONVERSION = YES;
				CLANG_WARN_OBJC_ROOT_CLASS = YES_ERROR;
				CLANG_WARN_QUOTED_INCLUDE_IN_FRAMEWORK_HEADER = YES;
				CLANG_WARN_RANGE_LOOP_ANALYSIS = YES;
				CLANG_WARN_STRICT_PROTOTYPES = YES;
				CLANG_WARN_SUSPICIOUS_MOVE = YES;
				CLANG_WARN_UNGUARDED_AVAILABILITY = YES_AGGRESSIVE;
				CLANG_WARN_UNREACHABLE_CODE = YES;
				CLANG_WARN__DUPLICATE_METHOD_MATCH = YES;
				COPY_PHASE_STRIP = NO;
				DEBUG_INFORMATION_FORMAT = dwarf;
				ENABLE_STRICT_OBJC_MSGSEND = YES;
				ENABLE_TESTABILITY = YES;
				GCC_C_LANGUAGE_STANDARD = gnu11;
				GCC_DYNAMIC_NO_PIC = NO;
				GCC_NO_COMMON_BLOCKS = YES;
				GCC_OPTIMIZATION_LEVEL = 0;
				GCC_PREPROCESSOR_DEFINITIONS = (
					"DEBUG=1",
					"$(inherited)",
				);
				GCC_WARN_64_TO_32_BIT_CONVERSION = YES;
				GCC_WARN_ABOUT_RETURN_TYPE = YES_ERROR;
				GCC_WARN_UNDECLARED_SELECTOR = YES;
				GCC_WARN_UNINITIALIZED_AUTOS = YES_AGGRESSIVE;
				GCC_WARN_UNUSED_FUNCTION = YES;
				GCC_WARN_UNUSED_VARIABLE = YES;
				IPHONEOS_DEPLOYMENT_TARGET = 14.5;
				MTL_ENABLE_DEBUG_INFO = INCLUDE_SOURCE;
				MTL_FAST_MATH = YES;
				ONLY_ACTIVE_ARCH = YES;
				SDKROOT = iphoneos;
				SWIFT_ACTIVE_COMPILATION_CONDITIONS = DEBUG;
				SWIFT_OPTIMIZATION_LEVEL = "-Onone";
			};
			name = Debug;
		};
		D237078326F9B29D003CAF53 /* Release */ = {
			isa = XCBuildConfiguration;
			buildSettings = {
				ALWAYS_SEARCH_USER_PATHS = NO;
				CLANG_ANALYZER_NONNULL = YES;
				CLANG_ANALYZER_NUMBER_OBJECT_CONVERSION = YES_AGGRESSIVE;
				CLANG_CXX_LANGUAGE_STANDARD = "gnu++14";
				CLANG_CXX_LIBRARY = "libc++";
				CLANG_ENABLE_MODULES = YES;
				CLANG_ENABLE_OBJC_ARC = YES;
				CLANG_ENABLE_OBJC_WEAK = YES;
				CLANG_WARN_BLOCK_CAPTURE_AUTORELEASING = YES;
				CLANG_WARN_BOOL_CONVERSION = YES;
				CLANG_WARN_COMMA = YES;
				CLANG_WARN_CONSTANT_CONVERSION = YES;
				CLANG_WARN_DEPRECATED_OBJC_IMPLEMENTATIONS = YES;
				CLANG_WARN_DIRECT_OBJC_ISA_USAGE = YES_ERROR;
				CLANG_WARN_DOCUMENTATION_COMMENTS = YES;
				CLANG_WARN_EMPTY_BODY = YES;
				CLANG_WARN_ENUM_CONVERSION = YES;
				CLANG_WARN_INFINITE_RECURSION = YES;
				CLANG_WARN_INT_CONVERSION = YES;
				CLANG_WARN_NON_LITERAL_NULL_CONVERSION = YES;
				CLANG_WARN_OBJC_IMPLICIT_RETAIN_SELF = YES;
				CLANG_WARN_OBJC_LITERAL_CONVERSION = YES;
				CLANG_WARN_OBJC_ROOT_CLASS = YES_ERROR;
				CLANG_WARN_QUOTED_INCLUDE_IN_FRAMEWORK_HEADER = YES;
				CLANG_WARN_RANGE_LOOP_ANALYSIS = YES;
				CLANG_WARN_STRICT_PROTOTYPES = YES;
				CLANG_WARN_SUSPICIOUS_MOVE = YES;
				CLANG_WARN_UNGUARDED_AVAILABILITY = YES_AGGRESSIVE;
				CLANG_WARN_UNREACHABLE_CODE = YES;
				CLANG_WARN__DUPLICATE_METHOD_MATCH = YES;
				COPY_PHASE_STRIP = NO;
				DEBUG_INFORMATION_FORMAT = "dwarf-with-dsym";
				ENABLE_NS_ASSERTIONS = NO;
				ENABLE_STRICT_OBJC_MSGSEND = YES;
				GCC_C_LANGUAGE_STANDARD = gnu11;
				GCC_NO_COMMON_BLOCKS = YES;
				GCC_WARN_64_TO_32_BIT_CONVERSION = YES;
				GCC_WARN_ABOUT_RETURN_TYPE = YES_ERROR;
				GCC_WARN_UNDECLARED_SELECTOR = YES;
				GCC_WARN_UNINITIALIZED_AUTOS = YES_AGGRESSIVE;
				GCC_WARN_UNUSED_FUNCTION = YES;
				GCC_WARN_UNUSED_VARIABLE = YES;
				IPHONEOS_DEPLOYMENT_TARGET = 14.5;
				MTL_ENABLE_DEBUG_INFO = NO;
				MTL_FAST_MATH = YES;
				SDKROOT = iphoneos;
				SWIFT_COMPILATION_MODE = wholemodule;
				SWIFT_OPTIMIZATION_LEVEL = "-O";
				VALIDATE_PRODUCT = YES;
			};
			name = Release;
		};
		D237078526F9B29D003CAF53 /* Debug */ = {
			isa = XCBuildConfiguration;
			buildSettings = {
				ASSETCATALOG_COMPILER_APPICON_NAME = AppIcon;
				ASSETCATALOG_COMPILER_GLOBAL_ACCENT_COLOR_NAME = AccentColor;
				CODE_SIGN_STYLE = Automatic;
				DEVELOPMENT_TEAM = R5FFNY4279;
				INFOPLIST_FILE = Checklist_NoSB/Info.plist;
				LD_RUNPATH_SEARCH_PATHS = (
					"$(inherited)",
					"@executable_path/Frameworks",
				);
				PRODUCT_BUNDLE_IDENTIFIER = "com.seokjun.Checklist-NoSB";
				PRODUCT_NAME = "$(TARGET_NAME)";
				SWIFT_VERSION = 5.0;
				TARGETED_DEVICE_FAMILY = "1,2";
			};
			name = Debug;
		};
		D237078626F9B29D003CAF53 /* Release */ = {
			isa = XCBuildConfiguration;
			buildSettings = {
				ASSETCATALOG_COMPILER_APPICON_NAME = AppIcon;
				ASSETCATALOG_COMPILER_GLOBAL_ACCENT_COLOR_NAME = AccentColor;
				CODE_SIGN_STYLE = Automatic;
				DEVELOPMENT_TEAM = R5FFNY4279;
				INFOPLIST_FILE = Checklist_NoSB/Info.plist;
				LD_RUNPATH_SEARCH_PATHS = (
					"$(inherited)",
					"@executable_path/Frameworks",
				);
				PRODUCT_BUNDLE_IDENTIFIER = "com.seokjun.Checklist-NoSB";
				PRODUCT_NAME = "$(TARGET_NAME)";
				SWIFT_VERSION = 5.0;
				TARGETED_DEVICE_FAMILY = "1,2";
			};
			name = Release;
		};
/* End XCBuildConfiguration section */

/* Begin XCConfigurationList section */
		D237076B26F9B29B003CAF53 /* Build configuration list for PBXProject "Checklist_NoSB" */ = {
			isa = XCConfigurationList;
			buildConfigurations = (
				D237078226F9B29D003CAF53 /* Debug */,
				D237078326F9B29D003CAF53 /* Release */,
			);
			defaultConfigurationIsVisible = 0;
			defaultConfigurationName = Release;
		};
		D237078426F9B29D003CAF53 /* Build configuration list for PBXNativeTarget "Checklist_NoSB" */ = {
			isa = XCConfigurationList;
			buildConfigurations = (
				D237078526F9B29D003CAF53 /* Debug */,
				D237078626F9B29D003CAF53 /* Release */,
			);
			defaultConfigurationIsVisible = 0;
			defaultConfigurationName = Release;
		};
/* End XCConfigurationList section */
	};
	rootObject = D237076826F9B29B003CAF53 /* Project object */;
}
